
Microsoft Visual Studio Solution File, Format Version 12.00
# Visual Studio Version 17
VisualStudioVersion = 17.1.32407.343
MinimumVisualStudioVersion = 10.0.40219.1
Project("{9A19103F-16F7-4668-BE54-9A1E7A4F7556}") = "PurchaseOrderProcessor.Api", "src\PurchaseOrderProcessor.Api\PurchaseOrderProcessor.Api.csproj", "{B6E5BFA5-D72F-460A-84E6-419E6A0D6655}"
EndProject
Project("{2150E333-8FDC-42A3-9474-1A3956D46DE8}") = "core", "core", "{30471C2B-3999-4BF0-B475-03AD354BADC8}"
EndProject
Project("{2150E333-8FDC-42A3-9474-1A3956D46DE8}") = "documentation", "documentation", "{CBF06D38-F30E-4EF4-94FE-75CFBD304E22}"
	ProjectSection(SolutionItems) = preProject
		documentation\Design Document.md = documentation\Design Document.md
	EndProjectSection
EndProject
Project("{2150E333-8FDC-42A3-9474-1A3956D46DE8}") = "tests", "tests", "{F4DF7A30-2536-41FE-A2FA-BDD1F9CF9210}"
EndProject
Project("{9A19103F-16F7-4668-BE54-9A1E7A4F7556}") = "UnitTests", "tests\UnitTests\UnitTests.csproj", "{AEFD8E43-B7AF-46E0-B291-A9E071369E77}"
EndProject
Project("{9A19103F-16F7-4668-BE54-9A1E7A4F7556}") = "IntegrationTests", "tests\IntegrationTests\IntegrationTests.csproj", "{CCDED350-5CB7-495B-A0D3-3F1B61F68512}"
EndProject
Project("{9A19103F-16F7-4668-BE54-9A1E7A4F7556}") = "PurchaseOrderProcessor.Domain", "src\PurchaseOrderProcessor.Domain\PurchaseOrderProcessor.Domain.csproj", "{129AFC6F-B346-4961-9697-07F49E3BA8DC}"
EndProject
Project("{9A19103F-16F7-4668-BE54-9A1E7A4F7556}") = "PurchaseOrderProcessor.Infrastructure", "src\PurchaseOrderProcessor.Infrastructure\PurchaseOrderProcessor.Infrastructure.csproj", "{CD33CC18-BB8B-425B-8F78-56BE5009D93B}"
EndProject
Project("{2150E333-8FDC-42A3-9474-1A3956D46DE8}") = "host", "host", "{1A642DBC-4D53-4C88-837D-164F6DC919AB}"
EndProject
Project("{2150E333-8FDC-42A3-9474-1A3956D46DE8}") = "intrastructure", "intrastructure", "{29D0E0F0-7E78-4C83-BCAD-2293D0E2EE17}"
EndProject
Project("{2150E333-8FDC-42A3-9474-1A3956D46DE8}") = "containers", "containers", "{1D55ABF4-2375-40C6-8D01-70B773128AB4}"
	ProjectSection(SolutionItems) = preProject
		src\PurchaseOrderProcessor.Api\Dockerfile = src\PurchaseOrderProcessor.Api\Dockerfile
	EndProjectSection
EndProject
Global
	GlobalSection(SolutionConfigurationPlatforms) = preSolution
		Debug|Any CPU = Debug|Any CPU
		Release|Any CPU = Release|Any CPU
	EndGlobalSection
	GlobalSection(ProjectConfigurationPlatforms) = postSolution
		{B6E5BFA5-D72F-460A-84E6-419E6A0D6655}.Debug|Any CPU.ActiveCfg = Debug|Any CPU
		{B6E5BFA5-D72F-460A-84E6-419E6A0D6655}.Debug|Any CPU.Build.0 = Debug|Any CPU
		{B6E5BFA5-D72F-460A-84E6-419E6A0D6655}.Release|Any CPU.ActiveCfg = Release|Any CPU
		{B6E5BFA5-D72F-460A-84E6-419E6A0D6655}.Release|Any CPU.Build.0 = Release|Any CPU
		{AEFD8E43-B7AF-46E0-B291-A9E071369E77}.Debug|Any CPU.ActiveCfg = Debug|Any CPU
		{AEFD8E43-B7AF-46E0-B291-A9E071369E77}.Debug|Any CPU.Build.0 = Debug|Any CPU
		{AEFD8E43-B7AF-46E0-B291-A9E071369E77}.Release|Any CPU.ActiveCfg = Release|Any CPU
		{AEFD8E43-B7AF-46E0-B291-A9E071369E77}.Release|Any CPU.Build.0 = Release|Any CPU
		{CCDED350-5CB7-495B-A0D3-3F1B61F68512}.Debug|Any CPU.ActiveCfg = Debug|Any CPU
		{CCDED350-5CB7-495B-A0D3-3F1B61F68512}.Debug|Any CPU.Build.0 = Debug|Any CPU
		{CCDED350-5CB7-495B-A0D3-3F1B61F68512}.Release|Any CPU.ActiveCfg = Release|Any CPU
		{CCDED350-5CB7-495B-A0D3-3F1B61F68512}.Release|Any CPU.Build.0 = Release|Any CPU
		{129AFC6F-B346-4961-9697-07F49E3BA8DC}.Debug|Any CPU.ActiveCfg = Debug|Any CPU
		{129AFC6F-B346-4961-9697-07F49E3BA8DC}.Debug|Any CPU.Build.0 = Debug|Any CPU
		{129AFC6F-B346-4961-9697-07F49E3BA8DC}.Release|Any CPU.ActiveCfg = Release|Any CPU
		{129AFC6F-B346-4961-9697-07F49E3BA8DC}.Release|Any CPU.Build.0 = Release|Any CPU
		{CD33CC18-BB8B-425B-8F78-56BE5009D93B}.Debug|Any CPU.ActiveCfg = Debug|Any CPU
		{CD33CC18-BB8B-425B-8F78-56BE5009D93B}.Debug|Any CPU.Build.0 = Debug|Any CPU
		{CD33CC18-BB8B-425B-8F78-56BE5009D93B}.Release|Any CPU.ActiveCfg = Release|Any CPU
		{CD33CC18-BB8B-425B-8F78-56BE5009D93B}.Release|Any CPU.Build.0 = Release|Any CPU
	EndGlobalSection
	GlobalSection(SolutionProperties) = preSolution
		HideSolutionNode = FALSE
	EndGlobalSection
	GlobalSection(NestedProjects) = preSolution
		{B6E5BFA5-D72F-460A-84E6-419E6A0D6655} = {1A642DBC-4D53-4C88-837D-164F6DC919AB}
		{AEFD8E43-B7AF-46E0-B291-A9E071369E77} = {F4DF7A30-2536-41FE-A2FA-BDD1F9CF9210}
		{CCDED350-5CB7-495B-A0D3-3F1B61F68512} = {F4DF7A30-2536-41FE-A2FA-BDD1F9CF9210}
		{129AFC6F-B346-4961-9697-07F49E3BA8DC} = {30471C2B-3999-4BF0-B475-03AD354BADC8}
		{CD33CC18-BB8B-425B-8F78-56BE5009D93B} = {29D0E0F0-7E78-4C83-BCAD-2293D0E2EE17}
	EndGlobalSection
	GlobalSection(ExtensibilityGlobals) = postSolution
		SolutionGuid = {FA9081A2-0299-47EA-B2E0-B98F80F15C83}
	EndGlobalSection
EndGlobal
